
Microsoft Visual Studio Solution File, Format Version 12.00
Project("{FAE04EC0-301F-11D3-BF4B-00C04F79EFBC}") = "MyBlog.API", "MyBlog.API\MyBlog.API.csproj", "{1C513AAD-FC6F-4E4D-B1F4-539B2D678447}"
EndProject
Project("{FAE04EC0-301F-11D3-BF4B-00C04F79EFBC}") = "MyBlog.Service", "MyBlog.Service\MyBlog.Service.csproj", "{87C0A228-EDAC-476E-A8B8-BC38E1DAC16A}"
EndProject
Project("{FAE04EC0-301F-11D3-BF4B-00C04F79EFBC}") = "MyBlog.Infrastructure", "MyBlog.Infrastructure\MyBlog.Infrastructure.csproj", "{648983D9-4737-42DF-91CA-E2F733A7A7DE}"
EndProject
Global
	GlobalSection(SolutionConfigurationPlatforms) = preSolution
		Debug|Any CPU = Debug|Any CPU
		Release|Any CPU = Release|Any CPU
	EndGlobalSection
	GlobalSection(ProjectConfigurationPlatforms) = postSolution
		{1C513AAD-FC6F-4E4D-B1F4-539B2D678447}.Debug|Any CPU.ActiveCfg = Debug|Any CPU
		{1C513AAD-FC6F-4E4D-B1F4-539B2D678447}.Debug|Any CPU.Build.0 = Debug|Any CPU
		{1C513AAD-FC6F-4E4D-B1F4-539B2D678447}.Release|Any CPU.ActiveCfg = Release|Any CPU
		{1C513AAD-FC6F-4E4D-B1F4-539B2D678447}.Release|Any CPU.Build.0 = Release|Any CPU
		{87C0A228-EDAC-476E-A8B8-BC38E1DAC16A}.Debug|Any CPU.ActiveCfg = Debug|Any CPU
		{87C0A228-EDAC-476E-A8B8-BC38E1DAC16A}.Debug|Any CPU.Build.0 = Debug|Any CPU
		{87C0A228-EDAC-476E-A8B8-BC38E1DAC16A}.Release|Any CPU.ActiveCfg = Release|Any CPU
		{87C0A228-EDAC-476E-A8B8-BC38E1DAC16A}.Release|Any CPU.Build.0 = Release|Any CPU
		{648983D9-4737-42DF-91CA-E2F733A7A7DE}.Debug|Any CPU.ActiveCfg = Debug|Any CPU
		{648983D9-4737-42DF-91CA-E2F733A7A7DE}.Debug|Any CPU.Build.0 = Debug|Any CPU
		{648983D9-4737-42DF-91CA-E2F733A7A7DE}.Release|Any CPU.ActiveCfg = Release|Any CPU
		{648983D9-4737-42DF-91CA-E2F733A7A7DE}.Release|Any CPU.Build.0 = Release|Any CPU
	EndGlobalSection
EndGlobal
